// !$*UTF8*$!
{
	archiveVersion = 1;
	classes = {
	};
	objectVersion = 46;
	objects = {

/* Begin PBXBuildFile section */
		97939CC91DFED94B009C506A /* AppDelegate.swift in Sources */ = {isa = PBXBuildFile; fileRef = 97939CC81DFED94B009C506A /* AppDelegate.swift */; };
		97939CCB1DFED94B009C506A /* ViewController.swift in Sources */ = {isa = PBXBuildFile; fileRef = 97939CCA1DFED94B009C506A /* ViewController.swift */; };
		97939CCE1DFED94B009C506A /* Main.storyboard in Resources */ = {isa = PBXBuildFile; fileRef = 97939CCC1DFED94B009C506A /* Main.storyboard */; };
		97939CD11DFED94B009C506A /* Grocr_JP.xcdatamodeld in Sources */ = {isa = PBXBuildFile; fileRef = 97939CCF1DFED94B009C506A /* Grocr_JP.xcdatamodeld */; };
		97939CD31DFED94B009C506A /* Assets.xcassets in Resources */ = {isa = PBXBuildFile; fileRef = 97939CD21DFED94B009C506A /* Assets.xcassets */; };
		97939CD61DFED94B009C506A /* LaunchScreen.storyboard in Resources */ = {isa = PBXBuildFile; fileRef = 97939CD41DFED94B009C506A /* LaunchScreen.storyboard */; };
		97939CDE1DFEDCFB009C506A /* LoginViewController.swift in Sources */ = {isa = PBXBuildFile; fileRef = 97939CDD1DFEDCFB009C506A /* LoginViewController.swift */; };
		97939CE01DFEDD18009C506A /* GroceryListTableViewController.swift in Sources */ = {isa = PBXBuildFile; fileRef = 97939CDF1DFEDD18009C506A /* GroceryListTableViewController.swift */; };
		97939CE21DFEDE17009C506A /* OnlineUsersTableViewController.swift in Sources */ = {isa = PBXBuildFile; fileRef = 97939CE11DFEDE17009C506A /* OnlineUsersTableViewController.swift */; };
		97939CE51DFEDEDE009C506A /* GroceryItem.swift in Sources */ = {isa = PBXBuildFile; fileRef = 97939CE41DFEDEDE009C506A /* GroceryItem.swift */; };
		97939CE71DFEDEEF009C506A /* User.swift in Sources */ = {isa = PBXBuildFile; fileRef = 97939CE61DFEDEEF009C506A /* User.swift */; };
		97939CEA1DFEE7A1009C506A /* GoogleService-Info.plist in Resources */ = {isa = PBXBuildFile; fileRef = 97939CE91DFEE7A1009C506A /* GoogleService-Info.plist */; };
		97939CEC1DFF5CFC009C506A /* GroceryListViewController.swift in Sources */ = {isa = PBXBuildFile; fileRef = 97939CEB1DFF5CFC009C506A /* GroceryListViewController.swift */; };
		97939CEF1DFF6610009C506A /* OnlineUsersViewController.swift in Sources */ = {isa = PBXBuildFile; fileRef = 97939CEE1DFF6610009C506A /* OnlineUsersViewController.swift */; };
		F2E61883EB96DDA7A2C1608A /* Pods_Grocr_JP.framework in Frameworks */ = {isa = PBXBuildFile; fileRef = 77587E656FA70B67518582FF /* Pods_Grocr_JP.framework */; };
/* End PBXBuildFile section */

/* Begin PBXFileReference section */
		4BE58E0F7E7B7A69DD7D74E8 /* Pods-Grocr-JP.release.xcconfig */ = {isa = PBXFileReference; includeInIndex = 1; lastKnownFileType = text.xcconfig; name = "Pods-Grocr-JP.release.xcconfig"; path = "Pods/Target Support Files/Pods-Grocr-JP/Pods-Grocr-JP.release.xcconfig"; sourceTree = "<group>"; };
		77587E656FA70B67518582FF /* Pods_Grocr_JP.framework */ = {isa = PBXFileReference; explicitFileType = wrapper.framework; includeInIndex = 0; path = Pods_Grocr_JP.framework; sourceTree = BUILT_PRODUCTS_DIR; };
		97939CC51DFED94B009C506A /* Grocr-JP.app */ = {isa = PBXFileReference; explicitFileType = wrapper.application; includeInIndex = 0; path = "Grocr-JP.app"; sourceTree = BUILT_PRODUCTS_DIR; };
		97939CC81DFED94B009C506A /* AppDelegate.swift */ = {isa = PBXFileReference; lastKnownFileType = sourcecode.swift; path = AppDelegate.swift; sourceTree = "<group>"; };
		97939CCA1DFED94B009C506A /* ViewController.swift */ = {isa = PBXFileReference; lastKnownFileType = sourcecode.swift; path = ViewController.swift; sourceTree = "<group>"; };
		97939CCD1DFED94B009C506A /* Base */ = {isa = PBXFileReference; lastKnownFileType = file.storyboard; name = Base; path = Base.lproj/Main.storyboard; sourceTree = "<group>"; };
		97939CD01DFED94B009C506A /* Grocr_JP.xcdatamodel */ = {isa = PBXFileReference; lastKnownFileType = wrapper.xcdatamodel; path = Grocr_JP.xcdatamodel; sourceTree = "<group>"; };
		97939CD21DFED94B009C506A /* Assets.xcassets */ = {isa = PBXFileReference; lastKnownFileType = folder.assetcatalog; path = Assets.xcassets; sourceTree = "<group>"; };
		97939CD51DFED94B009C506A /* Base */ = {isa = PBXFileReference; lastKnownFileType = file.storyboard; name = Base; path = Base.lproj/LaunchScreen.storyboard; sourceTree = "<group>"; };
		97939CD71DFED94B009C506A /* Info.plist */ = {isa = PBXFileReference; lastKnownFileType = text.plist.xml; path = Info.plist; sourceTree = "<group>"; };
		97939CDD1DFEDCFB009C506A /* LoginViewController.swift */ = {isa = PBXFileReference; fileEncoding = 4; lastKnownFileType = sourcecode.swift; path = LoginViewController.swift; sourceTree = "<group>"; };
		97939CDF1DFEDD18009C506A /* GroceryListTableViewController.swift */ = {isa = PBXFileReference; fileEncoding = 4; lastKnownFileType = sourcecode.swift; path = GroceryListTableViewController.swift; sourceTree = "<group>"; };
		97939CE11DFEDE17009C506A /* OnlineUsersTableViewController.swift */ = {isa = PBXFileReference; fileEncoding = 4; lastKnownFileType = sourcecode.swift; path = OnlineUsersTableViewController.swift; sourceTree = "<group>"; };
		97939CE41DFEDEDE009C506A /* GroceryItem.swift */ = {isa = PBXFileReference; fileEncoding = 4; lastKnownFileType = sourcecode.swift; path = GroceryItem.swift; sourceTree = "<group>"; };
		97939CE61DFEDEEF009C506A /* User.swift */ = {isa = PBXFileReference; fileEncoding = 4; lastKnownFileType = sourcecode.swift; path = User.swift; sourceTree = "<group>"; };
		97939CE91DFEE7A1009C506A /* GoogleService-Info.plist */ = {isa = PBXFileReference; fileEncoding = 4; lastKnownFileType = text.plist.xml; path = "GoogleService-Info.plist"; sourceTree = "<group>"; };
		97939CEB1DFF5CFC009C506A /* GroceryListViewController.swift */ = {isa = PBXFileReference; fileEncoding = 4; lastKnownFileType = sourcecode.swift; path = GroceryListViewController.swift; sourceTree = "<group>"; };
		97939CEE1DFF6610009C506A /* OnlineUsersViewController.swift */ = {isa = PBXFileReference; fileEncoding = 4; lastKnownFileType = sourcecode.swift; path = OnlineUsersViewController.swift; sourceTree = "<group>"; };
		F0A38726F64B05E252F8CE5A /* Pods-Grocr-JP.debug.xcconfig */ = {isa = PBXFileReference; includeInIndex = 1; lastKnownFileType = text.xcconfig; name = "Pods-Grocr-JP.debug.xcconfig"; path = "Pods/Target Support Files/Pods-Grocr-JP/Pods-Grocr-JP.debug.xcconfig"; sourceTree = "<group>"; };
/* End PBXFileReference section */

/* Begin PBXFrameworksBuildPhase section */
		97939CC21DFED94B009C506A /* Frameworks */ = {
			isa = PBXFrameworksBuildPhase;
			buildActionMask = 2147483647;
			files = (
				F2E61883EB96DDA7A2C1608A /* Pods_Grocr_JP.framework in Frameworks */,
			);
			runOnlyForDeploymentPostprocessing = 0;
		};
/* End PBXFrameworksBuildPhase section */

/* Begin PBXGroup section */
		2EE99F9793007E4F53683F4A /* Pods */ = {
			isa = PBXGroup;
			children = (
				F0A38726F64B05E252F8CE5A /* Pods-Grocr-JP.debug.xcconfig */,
				4BE58E0F7E7B7A69DD7D74E8 /* Pods-Grocr-JP.release.xcconfig */,
			);
			name = Pods;
			sourceTree = "<group>";
		};
		4A92182B74D594B85755C494 /* Frameworks */ = {
			isa = PBXGroup;
			children = (
				77587E656FA70B67518582FF /* Pods_Grocr_JP.framework */,
			);
			name = Frameworks;
			sourceTree = "<group>";
		};
		97939CBC1DFED94B009C506A = {
			isa = PBXGroup;
			children = (
				97939CC71DFED94B009C506A /* Grocr-JP */,
				2EE99F9793007E4F53683F4A /* Pods */,
				4A92182B74D594B85755C494 /* Frameworks */,
			);
			sourceTree = "<group>";
		};
		97939CC61DFED94B009C506A /* Products */ = {
			isa = PBXGroup;
			children = (
				97939CC51DFED94B009C506A /* Grocr-JP.app */,
			);
			name = Products;
			path = ..;
			sourceTree = "<group>";
		};
		97939CC71DFED94B009C506A /* Grocr-JP */ = {
			isa = PBXGroup;
			children = (
				97939CE81DFEDEF5009C506A /* Models */,
				97939CE31DFEDE2D009C506A /* ViewControllers */,
				97939CC81DFED94B009C506A /* AppDelegate.swift */,
				97939CCA1DFED94B009C506A /* ViewController.swift */,
				97939CCC1DFED94B009C506A /* Main.storyboard */,
				97939CD21DFED94B009C506A /* Assets.xcassets */,
				97939CD41DFED94B009C506A /* LaunchScreen.storyboard */,
				97939CD71DFED94B009C506A /* Info.plist */,
				97939CCF1DFED94B009C506A /* Grocr_JP.xcdatamodeld */,
				97939CE91DFEE7A1009C506A /* GoogleService-Info.plist */,
				97939CED1DFF5F28009C506A /* HOld */,
				97939CC61DFED94B009C506A /* Products */,
			);
			path = "Grocr-JP";
			sourceTree = "<group>";
		};
		97939CE31DFEDE2D009C506A /* ViewControllers */ = {
			isa = PBXGroup;
			children = (
				97939CDD1DFEDCFB009C506A /* LoginViewController.swift */,
				97939CEB1DFF5CFC009C506A /* GroceryListViewController.swift */,
				97939CEE1DFF6610009C506A /* OnlineUsersViewController.swift */,
			);
			name = ViewControllers;
			sourceTree = "<group>";
		};
		97939CE81DFEDEF5009C506A /* Models */ = {
			isa = PBXGroup;
			children = (
				97939CE61DFEDEEF009C506A /* User.swift */,
				97939CE41DFEDEDE009C506A /* GroceryItem.swift */,
			);
			name = Models;
			sourceTree = "<group>";
		};
		97939CED1DFF5F28009C506A /* HOld */ = {
			isa = PBXGroup;
			children = (
				97939CE11DFEDE17009C506A /* OnlineUsersTableViewController.swift */,
				97939CDF1DFEDD18009C506A /* GroceryListTableViewController.swift */,
			);
			name = HOld;
			sourceTree = "<group>";
		};
/* End PBXGroup section */

/* Begin PBXNativeTarget section */
		97939CC41DFED94B009C506A /* Grocr-JP */ = {
			isa = PBXNativeTarget;
			buildConfigurationList = 97939CDA1DFED94B009C506A /* Build configuration list for PBXNativeTarget "Grocr-JP" */;
			buildPhases = (
				43D7BB7842FAE6900DF45C6B /* [CP] Check Pods Manifest.lock */,
				97939CC11DFED94B009C506A /* Sources */,
				97939CC21DFED94B009C506A /* Frameworks */,
				97939CC31DFED94B009C506A /* Resources */,
				6ACC065B60413A7E7E9A795B /* [CP] Embed Pods Frameworks */,
				89A135706E295F1C936F96AD /* [CP] Copy Pods Resources */,
			);
			buildRules = (
			);
			dependencies = (
			);
			name = "Grocr-JP";
			productName = "Grocr-JP";
			productReference = 97939CC51DFED94B009C506A /* Grocr-JP.app */;
			productType = "com.apple.product-type.application";
		};
/* End PBXNativeTarget section */

/* Begin PBXProject section */
		97939CBD1DFED94B009C506A /* Project object */ = {
			isa = PBXProject;
			attributes = {
				LastSwiftUpdateCheck = 0810;
				LastUpgradeCheck = 0810;
				ORGANIZATIONNAME = "Jay P. Hayes";
				TargetAttributes = {
					97939CC41DFED94B009C506A = {
						CreatedOnToolsVersion = 8.1;
						DevelopmentTeam = F388524QXT;
						ProvisioningStyle = Automatic;
					};
				};
			};
			buildConfigurationList = 97939CC01DFED94B009C506A /* Build configuration list for PBXProject "Grocr-JP" */;
			compatibilityVersion = "Xcode 3.2";
			developmentRegion = English;
			hasScannedForEncodings = 0;
			knownRegions = (
				en,
				Base,
			);
			mainGroup = 97939CBC1DFED94B009C506A;
			productRefGroup = 97939CC61DFED94B009C506A /* Products */;
			projectDirPath = "";
			projectRoot = "";
			targets = (
				97939CC41DFED94B009C506A /* Grocr-JP */,
			);
		};
/* End PBXProject section */

/* Begin PBXResourcesBuildPhase section */
		97939CC31DFED94B009C506A /* Resources */ = {
			isa = PBXResourcesBuildPhase;
			buildActionMask = 2147483647;
			files = (
				97939CD61DFED94B009C506A /* LaunchScreen.storyboard in Resources */,
				97939CD31DFED94B009C506A /* Assets.xcassets in Resources */,
				97939CEA1DFEE7A1009C506A /* GoogleService-Info.plist in Resources */,
				97939CCE1DFED94B009C506A /* Main.storyboard in Resources */,
			);
			runOnlyForDeploymentPostprocessing = 0;
		};
/* End PBXResourcesBuildPhase section */

/* Begin PBXShellScriptBuildPhase section */
		43D7BB7842FAE6900DF45C6B /* [CP] Check Pods Manifest.lock */ = {
			isa = PBXShellScriptBuildPhase;
			buildActionMask = 2147483647;
			files = (
			);
			inputPaths = (
			);
			name = "[CP] Check Pods Manifest.lock";
			outputPaths = (
			);
			runOnlyForDeploymentPostprocessing = 0;
			shellPath = /bin/sh;
			shellScript = "diff \"${PODS_ROOT}/../Podfile.lock\" \"${PODS_ROOT}/Manifest.lock\" > /dev/null\nif [ $? != 0 ] ; then\n    # print error to STDERR\n    echo \"error: The sandbox is not in sync with the Podfile.lock. Run 'pod install' or update your CocoaPods installation.\" >&2\n    exit 1\nfi\n";
			showEnvVarsInLog = 0;
		};
		6ACC065B60413A7E7E9A795B /* [CP] Embed Pods Frameworks */ = {
			isa = PBXShellScriptBuildPhase;
			buildActionMask = 2147483647;
			files = (
			);
			inputPaths = (
			);
			name = "[CP] Embed Pods Frameworks";
			outputPaths = (
			);
			runOnlyForDeploymentPostprocessing = 0;
			shellPath = /bin/sh;
			shellScript = "\"${SRCROOT}/Pods/Target Support Files/Pods-Grocr-JP/Pods-Grocr-JP-frameworks.sh\"\n";
			showEnvVarsInLog = 0;
		};
		89A135706E295F1C936F96AD /* [CP] Copy Pods Resources */ = {
			isa = PBXShellScriptBuildPhase;
			buildActionMask = 2147483647;
			files = (
			);
			inputPaths = (
			);
			name = "[CP] Copy Pods Resources";
			outputPaths = (
			);
			runOnlyForDeploymentPostprocessing = 0;
			shellPath = /bin/sh;
			shellScript = "\"${SRCROOT}/Pods/Target Support Files/Pods-Grocr-JP/Pods-Grocr-JP-resources.sh\"\n";
			showEnvVarsInLog = 0;
		};
/* End PBXShellScriptBuildPhase section */

/* Begin PBXSourcesBuildPhase section */
		97939CC11DFED94B009C506A /* Sources */ = {
			isa = PBXSourcesBuildPhase;
			buildActionMask = 2147483647;
			files = (
				97939CDE1DFEDCFB009C506A /* LoginViewController.swift in Sources */,
				97939CCB1DFED94B009C506A /* ViewController.swift in Sources */,
				97939CEC1DFF5CFC009C506A /* GroceryListViewController.swift in Sources */,
				97939CE51DFEDEDE009C506A /* GroceryItem.swift in Sources */,
				97939CEF1DFF6610009C506A /* OnlineUsersViewController.swift in Sources */,
				97939CE01DFEDD18009C506A /* GroceryListTableViewController.swift in Sources */,
				97939CE71DFEDEEF009C506A /* User.swift in Sources */,
				97939CE21DFEDE17009C506A /* OnlineUsersTableViewController.swift in Sources */,
				97939CD11DFED94B009C506A /* Grocr_JP.xcdatamodeld in Sources */,
				97939CC91DFED94B009C506A /* AppDelegate.swift in Sources */,
			);
			runOnlyForDeploymentPostprocessing = 0;
		};
/* End PBXSourcesBuildPhase section */

/* Begin PBXVariantGroup section */
		97939CCC1DFED94B009C506A /* Main.storyboard */ = {
			isa = PBXVariantGroup;
			children = (
				97939CCD1DFED94B009C506A /* Base */,
			);
			name = Main.storyboard;
			sourceTree = "<group>";
		};
		97939CD41DFED94B009C506A /* LaunchScreen.storyboard */ = {
			isa = PBXVariantGroup;
			children = (
				97939CD51DFED94B009C506A /* Base */,
			);
			name = LaunchScreen.storyboard;
			sourceTree = "<group>";
		};
/* End PBXVariantGroup section */

/* Begin XCBuildConfiguration section */
		97939CD81DFED94B009C506A /* Debug */ = {
			isa = XCBuildConfiguration;
			buildSettings = {
				ALWAYS_SEARCH_USER_PATHS = NO;
				CLANG_ANALYZER_NONNULL = YES;
				CLANG_CXX_LANGUAGE_STANDARD = "gnu++0x";
				CLANG_CXX_LIBRARY = "libc++";
				CLANG_ENABLE_MODULES = YES;
				CLANG_ENABLE_OBJC_ARC = YES;
				CLANG_WARN_BOOL_CONVERSION = YES;
				CLANG_WARN_CONSTANT_CONVERSION = YES;
				CLANG_WARN_DIRECT_OBJC_ISA_USAGE = YES_ERROR;
				CLANG_WARN_DOCUMENTATION_COMMENTS = YES;
				CLANG_WARN_EMPTY_BODY = YES;
				CLANG_WARN_ENUM_CONVERSION = YES;
				CLANG_WARN_INFINITE_RECURSION = YES;
				CLANG_WARN_INT_CONVERSION = YES;
				CLANG_WARN_OBJC_ROOT_CLASS = YES_ERROR;
				CLANG_WARN_SUSPICIOUS_MOVES = YES;
				CLANG_WARN_UNREACHABLE_CODE = YES;
				CLANG_WARN__DUPLICATE_METHOD_MATCH = YES;
				"CODE_SIGN_IDENTITY[sdk=iphoneos*]" = "iPhone Developer";
				COPY_PHASE_STRIP = NO;
				DEBUG_INFORMATION_FORMAT = dwarf;
				ENABLE_STRICT_OBJC_MSGSEND = YES;
				ENABLE_TESTABILITY = YES;
				GCC_C_LANGUAGE_STANDARD = gnu99;
				GCC_DYNAMIC_NO_PIC = NO;
				GCC_NO_COMMON_BLOCKS = YES;
				GCC_OPTIMIZATION_LEVEL = 0;
				GCC_PREPROCESSOR_DEFINITIONS = (
					"DEBUG=1",
					"$(inherited)",
				);
				GCC_WARN_64_TO_32_BIT_CONVERSION = YES;
				GCC_WARN_ABOUT_RETURN_TYPE = YES_ERROR;
				GCC_WARN_UNDECLARED_SELECTOR = YES;
				GCC_WARN_UNINITIALIZED_AUTOS = YES_AGGRESSIVE;
				GCC_WARN_UNUSED_FUNCTION = YES;
				GCC_WARN_UNUSED_VARIABLE = YES;
				IPHONEOS_DEPLOYMENT_TARGET = 10.1;
				MTL_ENABLE_DEBUG_INFO = YES;
				ONLY_ACTIVE_ARCH = YES;
				SDKROOT = iphoneos;
				SWIFT_ACTIVE_COMPILATION_CONDITIONS = DEBUG;
				SWIFT_OPTIMIZATION_LEVEL = "-Onone";
			};
			name = Debug;
		};
		97939CD91DFED94B009C506A /* Release */ = {
			isa = XCBuildConfiguration;
			buildSettings = {
				ALWAYS_SEARCH_USER_PATHS = NO;
				CLANG_ANALYZER_NONNULL = YES;
				CLANG_CXX_LANGUAGE_STANDARD = "gnu++0x";
				CLANG_CXX_LIBRARY = "libc++";
				CLANG_ENABLE_MODULES = YES;
				CLANG_ENABLE_OBJC_ARC = YES;
				CLANG_WARN_BOOL_CONVERSION = YES;
				CLANG_WARN_CONSTANT_CONVERSION = YES;
				CLANG_WARN_DIRECT_OBJC_ISA_USAGE = YES_ERROR;
				CLANG_WARN_DOCUMENTATION_COMMENTS = YES;
				CLANG_WARN_EMPTY_BODY = YES;
				CLANG_WARN_ENUM_CONVERSION = YES;
				CLANG_WARN_INFINITE_RECURSION = YES;
				CLANG_WARN_INT_CONVERSION = YES;
				CLANG_WARN_OBJC_ROOT_CLASS = YES_ERROR;
				CLANG_WARN_SUSPICIOUS_MOVES = YES;
				CLANG_WARN_UNREACHABLE_CODE = YES;
				CLANG_WARN__DUPLICATE_METHOD_MATCH = YES;
				"CODE_SIGN_IDENTITY[sdk=iphoneos*]" = "iPhone Developer";
				COPY_PHASE_STRIP = NO;
				DEBUG_INFORMATION_FORMAT = "dwarf-with-dsym";
				ENABLE_NS_ASSERTIONS = NO;
				ENABLE_STRICT_OBJC_MSGSEND = YES;
				GCC_C_LANGUAGE_STANDARD = gnu99;
				GCC_NO_COMMON_BLOCKS = YES;
				GCC_WARN_64_TO_32_BIT_CONVERSION = YES;
				GCC_WARN_ABOUT_RETURN_TYPE = YES_ERROR;
				GCC_WARN_UNDECLARED_SELECTOR = YES;
				GCC_WARN_UNINITIALIZED_AUTOS = YES_AGGRESSIVE;
				GCC_WARN_UNUSED_FUNCTION = YES;
				GCC_WARN_UNUSED_VARIABLE = YES;
				IPHONEOS_DEPLOYMENT_TARGET = 10.1;
				MTL_ENABLE_DEBUG_INFO = NO;
				SDKROOT = iphoneos;
				SWIFT_OPTIMIZATION_LEVEL = "-Owholemodule";
				VALIDATE_PRODUCT = YES;
			};
			name = Release;
		};
		97939CDB1DFED94B009C506A /* Debug */ = {
			isa = XCBuildConfiguration;
			baseConfigurationReference = F0A38726F64B05E252F8CE5A /* Pods-Grocr-JP.debug.xcconfig */;
			buildSettings = {
				ASSETCATALOG_COMPILER_APPICON_NAME = AppIcon;
				DEVELOPMENT_TEAM = F388524QXT;
				INFOPLIST_FILE = "Grocr-JP/Info.plist";
				LD_RUNPATH_SEARCH_PATHS = "$(inherited) @executable_path/Frameworks";
				PRODUCT_BUNDLE_IDENTIFIER = "Com.JayP.Grocr-JP";
				PRODUCT_NAME = "$(TARGET_NAME)";
				SWIFT_VERSION = 3.0;
			};
			name = Debug;
		};
		97939CDC1DFED94B009C506A /* Release */ = {
			isa = XCBuildConfiguration;
			baseConfigurationReference = 4BE58E0F7E7B7A69DD7D74E8 /* Pods-Grocr-JP.release.xcconfig */;
			buildSettings = {
				ASSETCATALOG_COMPILER_APPICON_NAME = AppIcon;
				DEVELOPMENT_TEAM = F388524QXT;
				INFOPLIST_FILE = "Grocr-JP/Info.plist";
				LD_RUNPATH_SEARCH_PATHS = "$(inherited) @executable_path/Frameworks";
				PRODUCT_BUNDLE_IDENTIFIER = "Com.JayP.Grocr-JP";
				PRODUCT_NAME = "$(TARGET_NAME)";
				SWIFT_VERSION = 3.0;
			};
			name = Release;
		};
/* End XCBuildConfiguration section */

/* Begin XCConfigurationList section */
		97939CC01DFED94B009C506A /* Build configuration list for PBXProject "Grocr-JP" */ = {
			isa = XCConfigurationList;
			buildConfigurations = (
				97939CD81DFED94B009C506A /* Debug */,
				97939CD91DFED94B009C506A /* Release */,
			);
			defaultConfigurationIsVisible = 0;
			defaultConfigurationName = Release;
		};
		97939CDA1DFED94B009C506A /* Build configuration list for PBXNativeTarget "Grocr-JP" */ = {
			isa = XCConfigurationList;
			buildConfigurations = (
				97939CDB1DFED94B009C506A /* Debug */,
				97939CDC1DFED94B009C506A /* Release */,
			);
			defaultConfigurationIsVisible = 0;
			defaultConfigurationName = Release;
		};
/* End XCConfigurationList section */

/* Begin XCVersionGroup section */
		97939CCF1DFED94B009C506A /* Grocr_JP.xcdatamodeld */ = {
			isa = XCVersionGroup;
			children = (
				97939CD01DFED94B009C506A /* Grocr_JP.xcdatamodel */,
			);
			currentVersion = 97939CD01DFED94B009C506A /* Grocr_JP.xcdatamodel */;
			path = Grocr_JP.xcdatamodeld;
			sourceTree = "<group>";
			versionGroupType = wrapper.xcdatamodel;
		};
/* End XCVersionGroup section */
	};
	rootObject = 97939CBD1DFED94B009C506A /* Project object */;
}
